
Microsoft Visual Studio Solution File, Format Version 12.00
Project("{FAE04EC0-301F-11D3-BF4B-00C04F79EFBC}") = "RedMage115.RedLang.Core", "RedMage115.RedLang.Core\RedMage115.RedLang.Core.csproj", "{6D105FD9-8CBD-48CF-A9A9-8F3C887A7BFE}"
EndProject
Project("{2150E333-8FDC-42A3-9474-1A3956D46DE8}") = "Core", "Core", "{80C7BD01-AB96-464F-ADB5-3EF574B2AD3A}"
EndProject
Project("{2150E333-8FDC-42A3-9474-1A3956D46DE8}") = "Tests", "Tests", "{ACC76B4D-6DE8-4454-8D48-7E94C32661F7}"
EndProject
Project("{FAE04EC0-301F-11D3-BF4B-00C04F79EFBC}") = "RedMage115.RedLang.CoreTests", "RedMage115.RedLang.CoreTests\RedMage115.RedLang.CoreTests.csproj", "{63C93FD7-B0D2-4903-9855-C7C061CADE77}"
EndProject
Project("{FAE04EC0-301F-11D3-BF4B-00C04F79EFBC}") = "RedMage115.RedLang.Repl", "RedMage115.RedLang.Repl\RedMage115.RedLang.Repl.csproj", "{031E38F9-3C44-4256-BD83-01C90F401469}"
EndProject
Project("{FAE04EC0-301F-11D3-BF4B-00C04F79EFBC}") = "RedMage115.RedLang.TestCompiler", "RedMage115.RedLang.TestCompiler\RedMage115.RedLang.TestCompiler.csproj", "{83993DB1-AD21-495D-8AC9-965261E0251A}"
EndProject
Project("{FAE04EC0-301F-11D3-BF4B-00C04F79EFBC}") = "RedMage115.RedLang.TestVmRunner", "RedMage115.RedLang.TestVmRunner\RedMage115.RedLang.TestVmRunner.csproj", "{05B9219B-2F55-4226-99AB-CDA63E41B064}"
EndProject
Global
	GlobalSection(SolutionConfigurationPlatforms) = preSolution
		Debug|Any CPU = Debug|Any CPU
		Release|Any CPU = Release|Any CPU
	EndGlobalSection
	GlobalSection(ProjectConfigurationPlatforms) = postSolution
		{6D105FD9-8CBD-48CF-A9A9-8F3C887A7BFE}.Debug|Any CPU.ActiveCfg = Debug|Any CPU
		{6D105FD9-8CBD-48CF-A9A9-8F3C887A7BFE}.Debug|Any CPU.Build.0 = Debug|Any CPU
		{6D105FD9-8CBD-48CF-A9A9-8F3C887A7BFE}.Release|Any CPU.ActiveCfg = Release|Any CPU
		{6D105FD9-8CBD-48CF-A9A9-8F3C887A7BFE}.Release|Any CPU.Build.0 = Release|Any CPU
		{63C93FD7-B0D2-4903-9855-C7C061CADE77}.Debug|Any CPU.ActiveCfg = Debug|Any CPU
		{63C93FD7-B0D2-4903-9855-C7C061CADE77}.Debug|Any CPU.Build.0 = Debug|Any CPU
		{63C93FD7-B0D2-4903-9855-C7C061CADE77}.Release|Any CPU.ActiveCfg = Release|Any CPU
		{63C93FD7-B0D2-4903-9855-C7C061CADE77}.Release|Any CPU.Build.0 = Release|Any CPU
		{031E38F9-3C44-4256-BD83-01C90F401469}.Debug|Any CPU.ActiveCfg = Debug|Any CPU
		{031E38F9-3C44-4256-BD83-01C90F401469}.Debug|Any CPU.Build.0 = Debug|Any CPU
		{031E38F9-3C44-4256-BD83-01C90F401469}.Release|Any CPU.ActiveCfg = Release|Any CPU
		{031E38F9-3C44-4256-BD83-01C90F401469}.Release|Any CPU.Build.0 = Release|Any CPU
		{83993DB1-AD21-495D-8AC9-965261E0251A}.Debug|Any CPU.ActiveCfg = Debug|Any CPU
		{83993DB1-AD21-495D-8AC9-965261E0251A}.Debug|Any CPU.Build.0 = Debug|Any CPU
		{83993DB1-AD21-495D-8AC9-965261E0251A}.Release|Any CPU.ActiveCfg = Release|Any CPU
		{83993DB1-AD21-495D-8AC9-965261E0251A}.Release|Any CPU.Build.0 = Release|Any CPU
		{05B9219B-2F55-4226-99AB-CDA63E41B064}.Debug|Any CPU.ActiveCfg = Debug|Any CPU
		{05B9219B-2F55-4226-99AB-CDA63E41B064}.Debug|Any CPU.Build.0 = Debug|Any CPU
		{05B9219B-2F55-4226-99AB-CDA63E41B064}.Release|Any CPU.ActiveCfg = Release|Any CPU
		{05B9219B-2F55-4226-99AB-CDA63E41B064}.Release|Any CPU.Build.0 = Release|Any CPU
	EndGlobalSection
	GlobalSection(NestedProjects) = preSolution
		{6D105FD9-8CBD-48CF-A9A9-8F3C887A7BFE} = {80C7BD01-AB96-464F-ADB5-3EF574B2AD3A}
		{63C93FD7-B0D2-4903-9855-C7C061CADE77} = {ACC76B4D-6DE8-4454-8D48-7E94C32661F7}
		{031E38F9-3C44-4256-BD83-01C90F401469} = {80C7BD01-AB96-464F-ADB5-3EF574B2AD3A}
		{83993DB1-AD21-495D-8AC9-965261E0251A} = {80C7BD01-AB96-464F-ADB5-3EF574B2AD3A}
		{05B9219B-2F55-4226-99AB-CDA63E41B064} = {80C7BD01-AB96-464F-ADB5-3EF574B2AD3A}
	EndGlobalSection
EndGlobal
